
Microsoft Visual Studio Solution File, Format Version 12.00
# Visual Studio Version 16
VisualStudioVersion = 16.0.31613.86
MinimumVisualStudioVersion = 10.0.40219.1
Project("{9A19103F-16F7-4668-BE54-9A1E7A4F7556}") = "UniBlog.Client", "UniBlog.Client\UniBlog.Client.csproj", "{51CADD70-E367-4C8B-9860-C9E32C38AD78}"
EndProject
Project("{FAE04EC0-301F-11D3-BF4B-00C04F79EFBC}") = "UniBlog.Data", "UniBlog.Data\UniBlog.Data.csproj", "{BABCDE48-D2AF-49DE-B636-EA6BDBB31A31}"
EndProject
Global
	GlobalSection(SolutionConfigurationPlatforms) = preSolution
		Debug|Any CPU = Debug|Any CPU
		Release|Any CPU = Release|Any CPU
	EndGlobalSection
	GlobalSection(ProjectConfigurationPlatforms) = postSolution
		{51CADD70-E367-4C8B-9860-C9E32C38AD78}.Debug|Any CPU.ActiveCfg = Debug|Any CPU
		{51CADD70-E367-4C8B-9860-C9E32C38AD78}.Debug|Any CPU.Build.0 = Debug|Any CPU
		{51CADD70-E367-4C8B-9860-C9E32C38AD78}.Release|Any CPU.ActiveCfg = Release|Any CPU
		{51CADD70-E367-4C8B-9860-C9E32C38AD78}.Release|Any CPU.Build.0 = Release|Any CPU
		{BABCDE48-D2AF-49DE-B636-EA6BDBB31A31}.Debug|Any CPU.ActiveCfg = Debug|Any CPU
		{BABCDE48-D2AF-49DE-B636-EA6BDBB31A31}.Debug|Any CPU.Build.0 = Debug|Any CPU
		{BABCDE48-D2AF-49DE-B636-EA6BDBB31A31}.Release|Any CPU.ActiveCfg = Release|Any CPU
		{BABCDE48-D2AF-49DE-B636-EA6BDBB31A31}.Release|Any CPU.Build.0 = Release|Any CPU
	EndGlobalSection
	GlobalSection(SolutionProperties) = preSolution
		HideSolutionNode = FALSE
	EndGlobalSection
	GlobalSection(ExtensibilityGlobals) = postSolution
		SolutionGuid = {2FB6F808-4B4D-4023-993A-904150F31AEE}
	EndGlobalSection
EndGlobal
